// !$*UTF8*$!
{
	archiveVersion = 1;
	classes = {
	};
	objectVersion = 46;
	objects = {

/* Begin PBXBuildFile section */
		3A27E95E167F82F2002011F1 /* UIKit.framework in Frameworks */ = {isa = PBXBuildFile; fileRef = 3A27E95D167F82F2002011F1 /* UIKit.framework */; };
		3A27E960167F82F2002011F1 /* Foundation.framework in Frameworks */ = {isa = PBXBuildFile; fileRef = 3A27E95F167F82F2002011F1 /* Foundation.framework */; };
		3A27E962167F82F2002011F1 /* CoreGraphics.framework in Frameworks */ = {isa = PBXBuildFile; fileRef = 3A27E961167F82F2002011F1 /* CoreGraphics.framework */; };
		3A27E968167F82F2002011F1 /* InfoPlist.strings in Resources */ = {isa = PBXBuildFile; fileRef = 3A27E966167F82F2002011F1 /* InfoPlist.strings */; };
		3A27E96A167F82F2002011F1 /* main.m in Sources */ = {isa = PBXBuildFile; fileRef = 3A27E969167F82F2002011F1 /* main.m */; };
		3A27E970167F82F2002011F1 /* Default.png in Resources */ = {isa = PBXBuildFile; fileRef = 3A27E96F167F82F2002011F1 /* Default.png */; };
		3A27E972167F82F2002011F1 /* Default@2x.png in Resources */ = {isa = PBXBuildFile; fileRef = 3A27E971167F82F2002011F1 /* Default@2x.png */; };
		3A27E974167F82F2002011F1 /* Default-568h@2x.png in Resources */ = {isa = PBXBuildFile; fileRef = 3A27E973167F82F2002011F1 /* Default-568h@2x.png */; };
		3A27E984167F830B002011F1 /* GPCamera.m in Sources */ = {isa = PBXBuildFile; fileRef = 3A27E97D167F830B002011F1 /* GPCamera.m */; };
		3A27E985167F830B002011F1 /* GPNode.m in Sources */ = {isa = PBXBuildFile; fileRef = 3A27E97F167F830B002011F1 /* GPNode.m */; };
		3A27E986167F830B002011F1 /* GPScheduler.m in Sources */ = {isa = PBXBuildFile; fileRef = 3A27E981167F830B002011F1 /* GPScheduler.m */; };
		3A27E987167F830B002011F1 /* GPSprite.m in Sources */ = {isa = PBXBuildFile; fileRef = 3A27E983167F830B002011F1 /* GPSprite.m */; };
		3A27E98C167F83EB002011F1 /* GLKit.framework in Frameworks */ = {isa = PBXBuildFile; fileRef = 3A27E98B167F83EB002011F1 /* GLKit.framework */; };
		3A27E98E167F83F5002011F1 /* OpenGLES.framework in Frameworks */ = {isa = PBXBuildFile; fileRef = 3A27E98D167F83F5002011F1 /* OpenGLES.framework */; };
		3A91989D167FE00C00C22920 /* AppDelegate.m in Sources */ = {isa = PBXBuildFile; fileRef = 3A91989A167FE00C00C22920 /* AppDelegate.m */; };
		3A91989E167FE00C00C22920 /* SceneController.m in Sources */ = {isa = PBXBuildFile; fileRef = 3A91989C167FE00C00C22920 /* SceneController.m */; };
		3A9198B5167FE5E800C22920 /* airplane.png in Resources */ = {isa = PBXBuildFile; fileRef = 3A9198A1167FE05E00C22920 /* airplane.png */; };
		3A9198B6167FE5EA00C22920 /* airplane@2x.png in Resources */ = {isa = PBXBuildFile; fileRef = 3A9198A2167FE05E00C22920 /* airplane@2x.png */; };
		3A9198B7167FE5EC00C22920 /* background.png in Resources */ = {isa = PBXBuildFile; fileRef = 3A9198A3167FE05E00C22920 /* background.png */; };
		3A9198B8167FE5F000C22920 /* background@2x.png in Resources */ = {isa = PBXBuildFile; fileRef = 3A9198B3167FE4CC00C22920 /* background@2x.png */; };
		3A9198B9167FE5F200C22920 /* mountains.png in Resources */ = {isa = PBXBuildFile; fileRef = 3A9198B1167FE42000C22920 /* mountains.png */; };
		3A9198BA167FE5F400C22920 /* mountains@2x.png in Resources */ = {isa = PBXBuildFile; fileRef = 3A9198AF167FE3AD00C22920 /* mountains@2x.png */; };
		3A9198BB167FE5F700C22920 /* smiley.png in Resources */ = {isa = PBXBuildFile; fileRef = 3A9198A6167FE05E00C22920 /* smiley.png */; };
		3A9198BC167FE5F900C22920 /* smiley@2x.png in Resources */ = {isa = PBXBuildFile; fileRef = 3A9198A7167FE05E00C22920 /* smiley@2x.png */; };
		3A9198C81680B16000C22920 /* sun.png in Resources */ = {isa = PBXBuildFile; fileRef = 3A9198C61680B16000C22920 /* sun.png */; };
		3A9198C91680B16000C22920 /* sun@2x.png in Resources */ = {isa = PBXBuildFile; fileRef = 3A9198C71680B16000C22920 /* sun@2x.png */; };
		3A9198CC16821BC400C22920 /* trees.png in Resources */ = {isa = PBXBuildFile; fileRef = 3A9198CA16821BC400C22920 /* trees.png */; };
		3A9198CD16821BC400C22920 /* trees@2x.png in Resources */ = {isa = PBXBuildFile; fileRef = 3A9198CB16821BC400C22920 /* trees@2x.png */; };
/* End PBXBuildFile section */

/* Begin PBXFileReference section */
		3A27E959167F82F2002011F1 /* SpriteExample.app */ = {isa = PBXFileReference; explicitFileType = wrapper.application; includeInIndex = 0; path = SpriteExample.app; sourceTree = BUILT_PRODUCTS_DIR; };
		3A27E95D167F82F2002011F1 /* UIKit.framework */ = {isa = PBXFileReference; lastKnownFileType = wrapper.framework; name = UIKit.framework; path = System/Library/Frameworks/UIKit.framework; sourceTree = SDKROOT; };
		3A27E95F167F82F2002011F1 /* Foundation.framework */ = {isa = PBXFileReference; lastKnownFileType = wrapper.framework; name = Foundation.framework; path = System/Library/Frameworks/Foundation.framework; sourceTree = SDKROOT; };
		3A27E961167F82F2002011F1 /* CoreGraphics.framework */ = {isa = PBXFileReference; lastKnownFileType = wrapper.framework; name = CoreGraphics.framework; path = System/Library/Frameworks/CoreGraphics.framework; sourceTree = SDKROOT; };
		3A27E965167F82F2002011F1 /* SpriteExample-Info.plist */ = {isa = PBXFileReference; lastKnownFileType = text.plist.xml; path = "SpriteExample-Info.plist"; sourceTree = "<group>"; };
		3A27E967167F82F2002011F1 /* en */ = {isa = PBXFileReference; lastKnownFileType = text.plist.strings; name = en; path = en.lproj/InfoPlist.strings; sourceTree = "<group>"; };
		3A27E969167F82F2002011F1 /* main.m */ = {isa = PBXFileReference; lastKnownFileType = sourcecode.c.objc; path = main.m; sourceTree = "<group>"; };
		3A27E96B167F82F2002011F1 /* SpriteExample-Prefix.pch */ = {isa = PBXFileReference; lastKnownFileType = sourcecode.c.h; path = "SpriteExample-Prefix.pch"; sourceTree = "<group>"; };
		3A27E96F167F82F2002011F1 /* Default.png */ = {isa = PBXFileReference; lastKnownFileType = image.png; path = Default.png; sourceTree = "<group>"; };
		3A27E971167F82F2002011F1 /* Default@2x.png */ = {isa = PBXFileReference; lastKnownFileType = image.png; path = "Default@2x.png"; sourceTree = "<group>"; };
		3A27E973167F82F2002011F1 /* Default-568h@2x.png */ = {isa = PBXFileReference; lastKnownFileType = image.png; path = "Default-568h@2x.png"; sourceTree = "<group>"; };
		3A27E97B167F830B002011F1 /* GLKitPlusPlus.h */ = {isa = PBXFileReference; fileEncoding = 4; lastKnownFileType = sourcecode.c.h; name = GLKitPlusPlus.h; path = ../../Classes/GLKitPlusPlus.h; sourceTree = "<group>"; };
		3A27E97C167F830B002011F1 /* GPCamera.h */ = {isa = PBXFileReference; fileEncoding = 4; lastKnownFileType = sourcecode.c.h; name = GPCamera.h; path = ../../Classes/GPCamera.h; sourceTree = "<group>"; };
		3A27E97D167F830B002011F1 /* GPCamera.m */ = {isa = PBXFileReference; fileEncoding = 4; lastKnownFileType = sourcecode.c.objc; name = GPCamera.m; path = ../../Classes/GPCamera.m; sourceTree = "<group>"; };
		3A27E97E167F830B002011F1 /* GPNode.h */ = {isa = PBXFileReference; fileEncoding = 4; lastKnownFileType = sourcecode.c.h; name = GPNode.h; path = ../../Classes/GPNode.h; sourceTree = "<group>"; };
		3A27E97F167F830B002011F1 /* GPNode.m */ = {isa = PBXFileReference; fileEncoding = 4; lastKnownFileType = sourcecode.c.objc; name = GPNode.m; path = ../../Classes/GPNode.m; sourceTree = "<group>"; };
		3A27E980167F830B002011F1 /* GPScheduler.h */ = {isa = PBXFileReference; fileEncoding = 4; lastKnownFileType = sourcecode.c.h; name = GPScheduler.h; path = ../../Classes/GPScheduler.h; sourceTree = "<group>"; };
		3A27E981167F830B002011F1 /* GPScheduler.m */ = {isa = PBXFileReference; fileEncoding = 4; lastKnownFileType = sourcecode.c.objc; name = GPScheduler.m; path = ../../Classes/GPScheduler.m; sourceTree = "<group>"; };
		3A27E982167F830B002011F1 /* GPSprite.h */ = {isa = PBXFileReference; fileEncoding = 4; lastKnownFileType = sourcecode.c.h; name = GPSprite.h; path = ../../Classes/GPSprite.h; sourceTree = "<group>"; };
		3A27E983167F830B002011F1 /* GPSprite.m */ = {isa = PBXFileReference; fileEncoding = 4; lastKnownFileType = sourcecode.c.objc; name = GPSprite.m; path = ../../Classes/GPSprite.m; sourceTree = "<group>"; };
		3A27E98B167F83EB002011F1 /* GLKit.framework */ = {isa = PBXFileReference; lastKnownFileType = wrapper.framework; name = GLKit.framework; path = System/Library/Frameworks/GLKit.framework; sourceTree = SDKROOT; };
		3A27E98D167F83F5002011F1 /* OpenGLES.framework */ = {isa = PBXFileReference; lastKnownFileType = wrapper.framework; name = OpenGLES.framework; path = System/Library/Frameworks/OpenGLES.framework; sourceTree = SDKROOT; };
		3A919899167FE00C00C22920 /* AppDelegate.h */ = {isa = PBXFileReference; fileEncoding = 4; lastKnownFileType = sourcecode.c.h; name = AppDelegate.h; path = Source/AppDelegate.h; sourceTree = "<group>"; };
		3A91989A167FE00C00C22920 /* AppDelegate.m */ = {isa = PBXFileReference; fileEncoding = 4; lastKnownFileType = sourcecode.c.objc; name = AppDelegate.m; path = Source/AppDelegate.m; sourceTree = "<group>"; };
		3A91989B167FE00C00C22920 /* SceneController.h */ = {isa = PBXFileReference; fileEncoding = 4; lastKnownFileType = sourcecode.c.h; name = SceneController.h; path = Source/SceneController.h; sourceTree = "<group>"; };
		3A91989C167FE00C00C22920 /* SceneController.m */ = {isa = PBXFileReference; fileEncoding = 4; lastKnownFileType = sourcecode.c.objc; name = SceneController.m; path = Source/SceneController.m; sourceTree = "<group>"; };
		3A9198A1167FE05E00C22920 /* airplane.png */ = {isa = PBXFileReference; lastKnownFileType = image.png; name = airplane.png; path = Graphics/airplane.png; sourceTree = "<group>"; };
		3A9198A2167FE05E00C22920 /* airplane@2x.png */ = {isa = PBXFileReference; lastKnownFileType = image.png; name = "airplane@2x.png"; path = "Graphics/airplane@2x.png"; sourceTree = "<group>"; };
		3A9198A3167FE05E00C22920 /* background.png */ = {isa = PBXFileReference; lastKnownFileType = image.png; name = background.png; path = Graphics/background.png; sourceTree = "<group>"; };
		3A9198A6167FE05E00C22920 /* smiley.png */ = {isa = PBXFileReference; lastKnownFileType = image.png; name = smiley.png; path = Graphics/smiley.png; sourceTree = "<group>"; };
		3A9198A7167FE05E00C22920 /* smiley@2x.png */ = {isa = PBXFileReference; lastKnownFileType = image.png; name = "smiley@2x.png"; path = "Graphics/smiley@2x.png"; sourceTree = "<group>"; };
		3A9198AF167FE3AD00C22920 /* mountains@2x.png */ = {isa = PBXFileReference; lastKnownFileType = image.png; name = "mountains@2x.png"; path = "Graphics/mountains@2x.png"; sourceTree = "<group>"; };
		3A9198B1167FE42000C22920 /* mountains.png */ = {isa = PBXFileReference; lastKnownFileType = image.png; name = mountains.png; path = Graphics/mountains.png; sourceTree = "<group>"; };
		3A9198B3167FE4CC00C22920 /* background@2x.png */ = {isa = PBXFileReference; lastKnownFileType = image.png; name = "background@2x.png"; path = "Graphics/background@2x.png"; sourceTree = "<group>"; };
		3A9198C61680B16000C22920 /* sun.png */ = {isa = PBXFileReference; lastKnownFileType = image.png; name = sun.png; path = Graphics/sun.png; sourceTree = "<group>"; };
		3A9198C71680B16000C22920 /* sun@2x.png */ = {isa = PBXFileReference; lastKnownFileType = image.png; name = "sun@2x.png"; path = "Graphics/sun@2x.png"; sourceTree = "<group>"; };
		3A9198CA16821BC400C22920 /* trees.png */ = {isa = PBXFileReference; lastKnownFileType = image.png; name = trees.png; path = Graphics/trees.png; sourceTree = "<group>"; };
		3A9198CB16821BC400C22920 /* trees@2x.png */ = {isa = PBXFileReference; lastKnownFileType = image.png; name = "trees@2x.png"; path = "Graphics/trees@2x.png"; sourceTree = "<group>"; };
/* End PBXFileReference section */

/* Begin PBXFrameworksBuildPhase section */
		3A27E956167F82F2002011F1 /* Frameworks */ = {
			isa = PBXFrameworksBuildPhase;
			buildActionMask = 2147483647;
			files = (
				3A27E98E167F83F5002011F1 /* OpenGLES.framework in Frameworks */,
				3A27E98C167F83EB002011F1 /* GLKit.framework in Frameworks */,
				3A27E95E167F82F2002011F1 /* UIKit.framework in Frameworks */,
				3A27E960167F82F2002011F1 /* Foundation.framework in Frameworks */,
				3A27E962167F82F2002011F1 /* CoreGraphics.framework in Frameworks */,
			);
			runOnlyForDeploymentPostprocessing = 0;
		};
/* End PBXFrameworksBuildPhase section */

/* Begin PBXGroup section */
		3A27E94E167F82F2002011F1 = {
			isa = PBXGroup;
			children = (
				3A27E97A167F82F9002011F1 /* GLKitPlusPlus */,
				3A27E963167F82F2002011F1 /* SpriteExample */,
				3A27E95C167F82F2002011F1 /* Frameworks */,
				3A27E95A167F82F2002011F1 /* Products */,
			);
			sourceTree = "<group>";
		};
		3A27E95A167F82F2002011F1 /* Products */ = {
			isa = PBXGroup;
			children = (
				3A27E959167F82F2002011F1 /* SpriteExample.app */,
			);
			name = Products;
			sourceTree = "<group>";
		};
		3A27E95C167F82F2002011F1 /* Frameworks */ = {
			isa = PBXGroup;
			children = (
				3A27E98D167F83F5002011F1 /* OpenGLES.framework */,
				3A27E98B167F83EB002011F1 /* GLKit.framework */,
				3A27E95D167F82F2002011F1 /* UIKit.framework */,
				3A27E95F167F82F2002011F1 /* Foundation.framework */,
				3A27E961167F82F2002011F1 /* CoreGraphics.framework */,
			);
			name = Frameworks;
			sourceTree = "<group>";
		};
		3A27E963167F82F2002011F1 /* SpriteExample */ = {
			isa = PBXGroup;
			children = (
				3A91989F167FE04C00C22920 /* Source */,
				3A9198A0167FE05400C22920 /* Graphics */,
				3A27E964167F82F2002011F1 /* Supporting Files */,
			);
			path = SpriteExample;
			sourceTree = "<group>";
		};
		3A27E964167F82F2002011F1 /* Supporting Files */ = {
			isa = PBXGroup;
			children = (
				3A27E965167F82F2002011F1 /* SpriteExample-Info.plist */,
				3A27E966167F82F2002011F1 /* InfoPlist.strings */,
				3A27E969167F82F2002011F1 /* main.m */,
				3A27E96B167F82F2002011F1 /* SpriteExample-Prefix.pch */,
				3A27E96F167F82F2002011F1 /* Default.png */,
				3A27E971167F82F2002011F1 /* Default@2x.png */,
				3A27E973167F82F2002011F1 /* Default-568h@2x.png */,
			);
			name = "Supporting Files";
			sourceTree = "<group>";
		};
		3A27E97A167F82F9002011F1 /* GLKitPlusPlus */ = {
			isa = PBXGroup;
			children = (
				3A27E97B167F830B002011F1 /* GLKitPlusPlus.h */,
				3A27E97E167F830B002011F1 /* GPNode.h */,
				3A27E97F167F830B002011F1 /* GPNode.m */,
				3A27E982167F830B002011F1 /* GPSprite.h */,
				3A27E983167F830B002011F1 /* GPSprite.m */,
				3A27E97C167F830B002011F1 /* GPCamera.h */,
				3A27E97D167F830B002011F1 /* GPCamera.m */,
				3A27E980167F830B002011F1 /* GPScheduler.h */,
				3A27E981167F830B002011F1 /* GPScheduler.m */,
			);
			name = GLKitPlusPlus;
			sourceTree = "<group>";
		};
		3A91989F167FE04C00C22920 /* Source */ = {
			isa = PBXGroup;
			children = (
				3A919899167FE00C00C22920 /* AppDelegate.h */,
				3A91989A167FE00C00C22920 /* AppDelegate.m */,
				3A91989B167FE00C00C22920 /* SceneController.h */,
				3A91989C167FE00C00C22920 /* SceneController.m */,
			);
			name = Source;
			sourceTree = "<group>";
		};
		3A9198A0167FE05400C22920 /* Graphics */ = {
			isa = PBXGroup;
			children = (
				3A9198CA16821BC400C22920 /* trees.png */,
				3A9198CB16821BC400C22920 /* trees@2x.png */,
				3A9198C61680B16000C22920 /* sun.png */,
				3A9198C71680B16000C22920 /* sun@2x.png */,
				3A9198A1167FE05E00C22920 /* airplane.png */,
				3A9198A2167FE05E00C22920 /* airplane@2x.png */,
				3A9198A3167FE05E00C22920 /* background.png */,
				3A9198B3167FE4CC00C22920 /* background@2x.png */,
				3A9198B1167FE42000C22920 /* mountains.png */,
				3A9198AF167FE3AD00C22920 /* mountains@2x.png */,
				3A9198A6167FE05E00C22920 /* smiley.png */,
				3A9198A7167FE05E00C22920 /* smiley@2x.png */,
			);
			name = Graphics;
			sourceTree = "<group>";
		};
/* End PBXGroup section */

/* Begin PBXNativeTarget section */
		3A27E958167F82F2002011F1 /* SpriteExample */ = {
			isa = PBXNativeTarget;
			buildConfigurationList = 3A27E977167F82F2002011F1 /* Build configuration list for PBXNativeTarget "SpriteExample" */;
			buildPhases = (
				3A27E955167F82F2002011F1 /* Sources */,
				3A27E956167F82F2002011F1 /* Frameworks */,
				3A27E957167F82F2002011F1 /* Resources */,
			);
			buildRules = (
			);
			dependencies = (
			);
			name = SpriteExample;
			productName = SpriteExample;
			productReference = 3A27E959167F82F2002011F1 /* SpriteExample.app */;
			productType = "com.apple.product-type.application";
		};
/* End PBXNativeTarget section */

/* Begin PBXProject section */
		3A27E950167F82F2002011F1 /* Project object */ = {
			isa = PBXProject;
			attributes = {
				LastUpgradeCheck = 0450;
				ORGANIZATIONNAME = "Anton Holmberg";
			};
			buildConfigurationList = 3A27E953167F82F2002011F1 /* Build configuration list for PBXProject "SpriteExample" */;
			compatibilityVersion = "Xcode 3.2";
			developmentRegion = English;
			hasScannedForEncodings = 0;
			knownRegions = (
				en,
			);
			mainGroup = 3A27E94E167F82F2002011F1;
			productRefGroup = 3A27E95A167F82F2002011F1 /* Products */;
			projectDirPath = "";
			projectRoot = "";
			targets = (
				3A27E958167F82F2002011F1 /* SpriteExample */,
			);
		};
/* End PBXProject section */

/* Begin PBXResourcesBuildPhase section */
		3A27E957167F82F2002011F1 /* Resources */ = {
			isa = PBXResourcesBuildPhase;
			buildActionMask = 2147483647;
			files = (
				3A27E968167F82F2002011F1 /* InfoPlist.strings in Resources */,
				3A27E970167F82F2002011F1 /* Default.png in Resources */,
				3A27E972167F82F2002011F1 /* Default@2x.png in Resources */,
				3A27E974167F82F2002011F1 /* Default-568h@2x.png in Resources */,
				3A9198B5167FE5E800C22920 /* airplane.png in Resources */,
				3A9198B6167FE5EA00C22920 /* airplane@2x.png in Resources */,
				3A9198B7167FE5EC00C22920 /* background.png in Resources */,
				3A9198B8167FE5F000C22920 /* background@2x.png in Resources */,
				3A9198B9167FE5F200C22920 /* mountains.png in Resources */,
				3A9198BA167FE5F400C22920 /* mountains@2x.png in Resources */,
				3A9198BB167FE5F700C22920 /* smiley.png in Resources */,
				3A9198BC167FE5F900C22920 /* smiley@2x.png in Resources */,
				3A9198C81680B16000C22920 /* sun.png in Resources */,
				3A9198C91680B16000C22920 /* sun@2x.png in Resources */,
				3A9198CC16821BC400C22920 /* trees.png in Resources */,
				3A9198CD16821BC400C22920 /* trees@2x.png in Resources */,
			);
			runOnlyForDeploymentPostprocessing = 0;
		};
/* End PBXResourcesBuildPhase section */

/* Begin PBXSourcesBuildPhase section */
		3A27E955167F82F2002011F1 /* Sources */ = {
			isa = PBXSourcesBuildPhase;
			buildActionMask = 2147483647;
			files = (
				3A27E96A167F82F2002011F1 /* main.m in Sources */,
				3A27E984167F830B002011F1 /* GPCamera.m in Sources */,
				3A27E985167F830B002011F1 /* GPNode.m in Sources */,
				3A27E986167F830B002011F1 /* GPScheduler.m in Sources */,
				3A27E987167F830B002011F1 /* GPSprite.m in Sources */,
				3A91989D167FE00C00C22920 /* AppDelegate.m in Sources */,
				3A91989E167FE00C00C22920 /* SceneController.m in Sources */,
			);
			runOnlyForDeploymentPostprocessing = 0;
		};
/* End PBXSourcesBuildPhase section */

/* Begin PBXVariantGroup section */
		3A27E966167F82F2002011F1 /* InfoPlist.strings */ = {
			isa = PBXVariantGroup;
			children = (
				3A27E967167F82F2002011F1 /* en */,
			);
			name = InfoPlist.strings;
			sourceTree = "<group>";
		};
/* End PBXVariantGroup section */

/* Begin XCBuildConfiguration section */
		3A27E975167F82F2002011F1 /* Debug */ = {
			isa = XCBuildConfiguration;
			buildSettings = {
				ALWAYS_SEARCH_USER_PATHS = NO;
				CLANG_CXX_LANGUAGE_STANDARD = "gnu++0x";
				CLANG_CXX_LIBRARY = "libc++";
				CLANG_ENABLE_OBJC_ARC = YES;
				CLANG_WARN_EMPTY_BODY = YES;
				CLANG_WARN__DUPLICATE_METHOD_MATCH = YES;
				"CODE_SIGN_IDENTITY[sdk=iphoneos*]" = "iPhone Developer";
				COPY_PHASE_STRIP = NO;
				GCC_C_LANGUAGE_STANDARD = gnu99;
				GCC_DYNAMIC_NO_PIC = NO;
				GCC_OPTIMIZATION_LEVEL = 0;
				GCC_PREPROCESSOR_DEFINITIONS = (
					"DEBUG=1",
					"$(inherited)",
				);
				GCC_SYMBOLS_PRIVATE_EXTERN = NO;
				GCC_WARN_ABOUT_RETURN_TYPE = YES;
				GCC_WARN_UNINITIALIZED_AUTOS = YES;
				GCC_WARN_UNUSED_VARIABLE = YES;
				IPHONEOS_DEPLOYMENT_TARGET = 5.1;
				ONLY_ACTIVE_ARCH = YES;
				SDKROOT = iphoneos;
				TARGETED_DEVICE_FAMILY = "1,2";
			};
			name = Debug;
		};
		3A27E976167F82F2002011F1 /* Release */ = {
			isa = XCBuildConfiguration;
			buildSettings = {
				ALWAYS_SEARCH_USER_PATHS = NO;
				CLANG_CXX_LANGUAGE_STANDARD = "gnu++0x";
				CLANG_CXX_LIBRARY = "libc++";
				CLANG_ENABLE_OBJC_ARC = YES;
				CLANG_WARN_EMPTY_BODY = YES;
				CLANG_WARN__DUPLICATE_METHOD_MATCH = YES;
				"CODE_SIGN_IDENTITY[sdk=iphoneos*]" = "iPhone Developer";
				COPY_PHASE_STRIP = YES;
				GCC_C_LANGUAGE_STANDARD = gnu99;
				GCC_WARN_ABOUT_RETURN_TYPE = YES;
				GCC_WARN_UNINITIALIZED_AUTOS = YES;
				GCC_WARN_UNUSED_VARIABLE = YES;
				IPHONEOS_DEPLOYMENT_TARGET = 5.1;
				OTHER_CFLAGS = "-DNS_BLOCK_ASSERTIONS=1";
				SDKROOT = iphoneos;
				TARGETED_DEVICE_FAMILY = "1,2";
				VALIDATE_PRODUCT = YES;
			};
			name = Release;
		};
		3A27E978167F82F2002011F1 /* Debug */ = {
			isa = XCBuildConfiguration;
			buildSettings = {
				GCC_PRECOMPILE_PREFIX_HEADER = YES;
				GCC_PREFIX_HEADER = "SpriteExample/SpriteExample-Prefix.pch";
				INFOPLIST_FILE = "SpriteExample/SpriteExample-Info.plist";
				PRODUCT_NAME = "$(TARGET_NAME)";
				WRAPPER_EXTENSION = app;
			};
			name = Debug;
		};
		3A27E979167F82F2002011F1 /* Release */ = {
			isa = XCBuildConfiguration;
			buildSettings = {
				GCC_PRECOMPILE_PREFIX_HEADER = YES;
				GCC_PREFIX_HEADER = "SpriteExample/SpriteExample-Prefix.pch";
				INFOPLIST_FILE = "SpriteExample/SpriteExample-Info.plist";
				PRODUCT_NAME = "$(TARGET_NAME)";
				WRAPPER_EXTENSION = app;
			};
			name = Release;
		};
/* End XCBuildConfiguration section */

/* Begin XCConfigurationList section */
		3A27E953167F82F2002011F1 /* Build configuration list for PBXProject "SpriteExample" */ = {
			isa = XCConfigurationList;
			buildConfigurations = (
				3A27E975167F82F2002011F1 /* Debug */,
				3A27E976167F82F2002011F1 /* Release */,
			);
			defaultConfigurationIsVisible = 0;
			defaultConfigurationName = Release;
		};
		3A27E977167F82F2002011F1 /* Build configuration list for PBXNativeTarget "SpriteExample" */ = {
			isa = XCConfigurationList;
			buildConfigurations = (
				3A27E978167F82F2002011F1 /* Debug */,
				3A27E979167F82F2002011F1 /* Release */,
			);
			defaultConfigurationIsVisible = 0;
			defaultConfigurationName = Release;
		};
/* End XCConfigurationList section */
	};
	rootObject = 3A27E950167F82F2002011F1 /* Project object */;
}
